
Microsoft Visual Studio Solution File, Format Version 12.00
# Visual Studio Version 16
VisualStudioVersion = 16.0.31911.196
MinimumVisualStudioVersion = 10.0.40219.1
Project("{FAE04EC0-301F-11D3-BF4B-00C04F79EFBC}") = "PythonSyntaxGenerator", "src\PythonSyntaxGenerator.csproj", "{955A076F-7440-45D2-9063-15CE4F92E72B}"
EndProject
Global
	GlobalSection(SolutionConfigurationPlatforms) = preSolution
		Debug|Any CPU = Debug|Any CPU
		Release|Any CPU = Release|Any CPU
	EndGlobalSection
	GlobalSection(ProjectConfigurationPlatforms) = postSolution
		{955A076F-7440-45D2-9063-15CE4F92E72B}.Debug|Any CPU.ActiveCfg = Debug|Any CPU
		{955A076F-7440-45D2-9063-15CE4F92E72B}.Debug|Any CPU.Build.0 = Debug|Any CPU
		{955A076F-7440-45D2-9063-15CE4F92E72B}.Release|Any CPU.ActiveCfg = Release|Any CPU
		{955A076F-7440-45D2-9063-15CE4F92E72B}.Release|Any CPU.Build.0 = Release|Any CPU
	EndGlobalSection
	GlobalSection(SolutionProperties) = preSolution
		HideSolutionNode = FALSE
	EndGlobalSection
	GlobalSection(ExtensibilityGlobals) = postSolution
		SolutionGuid = {F6A20C13-6164-4C3B-8938-6F6D8A53AAF6}
	EndGlobalSection
EndGlobal
